
Microsoft Visual Studio Solution File, Format Version 12.00
# Visual Studio Version 17
VisualStudioVersion = 17.9.34622.214
MinimumVisualStudioVersion = 10.0.40219.1
Project("{FAE04EC0-301F-11D3-BF4B-00C04F79EFBC}") = "DA_Entrega2_Unai_Eta_Gorka", "DA_Entrega2_Unai_Eta_Gorka\DA_Entrega2_Unai_Eta_Gorka.csproj", "{1FFAA9A5-3E4D-483F-864A-F07E521E76C8}"
EndProject
Global
	GlobalSection(SolutionConfigurationPlatforms) = preSolution
		Debug|Any CPU = Debug|Any CPU
		Release|Any CPU = Release|Any CPU
	EndGlobalSection
	GlobalSection(ProjectConfigurationPlatforms) = postSolution
		{1FFAA9A5-3E4D-483F-864A-F07E521E76C8}.Debug|Any CPU.ActiveCfg = Debug|Any CPU
		{1FFAA9A5-3E4D-483F-864A-F07E521E76C8}.Debug|Any CPU.Build.0 = Debug|Any CPU
		{1FFAA9A5-3E4D-483F-864A-F07E521E76C8}.Release|Any CPU.ActiveCfg = Release|Any CPU
		{1FFAA9A5-3E4D-483F-864A-F07E521E76C8}.Release|Any CPU.Build.0 = Release|Any CPU
	EndGlobalSection
	GlobalSection(SolutionProperties) = preSolution
		HideSolutionNode = FALSE
	EndGlobalSection
	GlobalSection(ExtensibilityGlobals) = postSolution
		SolutionGuid = {B285CC52-7050-43AF-9278-A4C7F4E900F8}
	EndGlobalSection
EndGlobal
